Microsoft Visual Studio Solution File, Format Version 12.00
# Visual Studio 15
VisualStudioVersion = 15.0.27004.2009
MinimumVisualStudioVersion = 15.0.26124.0
Project("{9A19103F-16F7-4668-BE54-9A1E7A4F7556}") = "Domain", "Domain\Domain.csproj", "{48B3AFA1-A0E6-4FED-92CB-41731B72631A}"
EndProject
Project("{2150E333-8FDC-42A3-9474-1A3956D46DE8}") = "root", "root", "{67A4D3AF-3F6A-42F6-B10D-7BA8791F9E7B}"
	ProjectSection(SolutionItems) = preProject
		.gitignore = .gitignore
		Build.csproj = Build.csproj
		CommandPrompt.bat = CommandPrompt.bat
		readme.txt = readme.txt
	EndProjectSection
EndProject
Project("{9A19103F-16F7-4668-BE54-9A1E7A4F7556}") = "Domain.Test", "Domain.Test\Domain.Test.csproj", "{76DEB6B4-2EDB-417E-8CAA-931A38014F62}"
EndProject
Project("{2150E333-8FDC-42A3-9474-1A3956D46DE8}") = "Build", "Build", "{ED2B35E5-B2AC-4AA2-9D8B-0DA06AEF924E}"
	ProjectSection(SolutionItems) = preProject
		Build\Common.targets = Build\Common.targets
	EndProjectSection
EndProject
Project("{9A19103F-16F7-4668-BE54-9A1E7A4F7556}") = "Build", "Build\Build.csproj", "{0E48C5C4-6868-4EBF-AAAB-A426F5CB82AF}"
EndProject
Global
	GlobalSection(SolutionConfigurationPlatforms) = preSolution
		Debug|Any CPU = Debug|Any CPU
		Debug|x64 = Debug|x64
		Debug|x86 = Debug|x86
		Release|Any CPU = Release|Any CPU
		Release|x64 = Release|x64
		Release|x86 = Release|x86
	EndGlobalSection
	GlobalSection(ProjectConfigurationPlatforms) = postSolution
		{48B3AFA1-A0E6-4FED-92CB-41731B72631A}.Debug|Any CPU.ActiveCfg = Debug|Any CPU
		{48B3AFA1-A0E6-4FED-92CB-41731B72631A}.Debug|Any CPU.Build.0 = Debug|Any CPU
		{48B3AFA1-A0E6-4FED-92CB-41731B72631A}.Debug|x64.ActiveCfg = Debug|Any CPU
		{48B3AFA1-A0E6-4FED-92CB-41731B72631A}.Debug|x64.Build.0 = Debug|Any CPU
		{48B3AFA1-A0E6-4FED-92CB-41731B72631A}.Debug|x86.ActiveCfg = Debug|Any CPU
		{48B3AFA1-A0E6-4FED-92CB-41731B72631A}.Debug|x86.Build.0 = Debug|Any CPU
		{48B3AFA1-A0E6-4FED-92CB-41731B72631A}.Release|Any CPU.ActiveCfg = Release|Any CPU
		{48B3AFA1-A0E6-4FED-92CB-41731B72631A}.Release|Any CPU.Build.0 = Release|Any CPU
		{48B3AFA1-A0E6-4FED-92CB-41731B72631A}.Release|x64.ActiveCfg = Release|Any CPU
		{48B3AFA1-A0E6-4FED-92CB-41731B72631A}.Release|x64.Build.0 = Release|Any CPU
		{48B3AFA1-A0E6-4FED-92CB-41731B72631A}.Release|x86.ActiveCfg = Release|Any CPU
		{48B3AFA1-A0E6-4FED-92CB-41731B72631A}.Release|x86.Build.0 = Release|Any CPU
		{76DEB6B4-2EDB-417E-8CAA-931A38014F62}.Debug|Any CPU.ActiveCfg = Debug|Any CPU
		{76DEB6B4-2EDB-417E-8CAA-931A38014F62}.Debug|Any CPU.Build.0 = Debug|Any CPU
		{76DEB6B4-2EDB-417E-8CAA-931A38014F62}.Debug|x64.ActiveCfg = Debug|Any CPU
		{76DEB6B4-2EDB-417E-8CAA-931A38014F62}.Debug|x64.Build.0 = Debug|Any CPU
		{76DEB6B4-2EDB-417E-8CAA-931A38014F62}.Debug|x86.ActiveCfg = Debug|Any CPU
		{76DEB6B4-2EDB-417E-8CAA-931A38014F62}.Debug|x86.Build.0 = Debug|Any CPU
		{76DEB6B4-2EDB-417E-8CAA-931A38014F62}.Release|Any CPU.ActiveCfg = Release|Any CPU
		{76DEB6B4-2EDB-417E-8CAA-931A38014F62}.Release|Any CPU.Build.0 = Release|Any CPU
		{76DEB6B4-2EDB-417E-8CAA-931A38014F62}.Release|x64.ActiveCfg = Release|Any CPU
		{76DEB6B4-2EDB-417E-8CAA-931A38014F62}.Release|x64.Build.0 = Release|Any CPU
		{76DEB6B4-2EDB-417E-8CAA-931A38014F62}.Release|x86.ActiveCfg = Release|Any CPU
		{76DEB6B4-2EDB-417E-8CAA-931A38014F62}.Release|x86.Build.0 = Release|Any CPU
		{0E48C5C4-6868-4EBF-AAAB-A426F5CB82AF}.Debug|Any CPU.ActiveCfg = Debug|Any CPU
		{0E48C5C4-6868-4EBF-AAAB-A426F5CB82AF}.Debug|Any CPU.Build.0 = Debug|Any CPU
		{0E48C5C4-6868-4EBF-AAAB-A426F5CB82AF}.Debug|x64.ActiveCfg = Debug|Any CPU
		{0E48C5C4-6868-4EBF-AAAB-A426F5CB82AF}.Debug|x64.Build.0 = Debug|Any CPU
		{0E48C5C4-6868-4EBF-AAAB-A426F5CB82AF}.Debug|x86.ActiveCfg = Debug|Any CPU
		{0E48C5C4-6868-4EBF-AAAB-A426F5CB82AF}.Debug|x86.Build.0 = Debug|Any CPU
		{0E48C5C4-6868-4EBF-AAAB-A426F5CB82AF}.Release|Any CPU.ActiveCfg = Release|Any CPU
		{0E48C5C4-6868-4EBF-AAAB-A426F5CB82AF}.Release|Any CPU.Build.0 = Release|Any CPU
		{0E48C5C4-6868-4EBF-AAAB-A426F5CB82AF}.Release|x64.ActiveCfg = Release|Any CPU
		{0E48C5C4-6868-4EBF-AAAB-A426F5CB82AF}.Release|x64.Build.0 = Release|Any CPU
		{0E48C5C4-6868-4EBF-AAAB-A426F5CB82AF}.Release|x86.ActiveCfg = Release|Any CPU
		{0E48C5C4-6868-4EBF-AAAB-A426F5CB82AF}.Release|x86.Build.0 = Release|Any CPU
	EndGlobalSection
	GlobalSection(SolutionProperties) = preSolution
		HideSolutionNode = FALSE
	EndGlobalSection
	GlobalSection(ExtensibilityGlobals) = postSolution
		SolutionGuid = {A94DD98D-E800-4DC4-B37B-E5BB37AFDC09}
	EndGlobalSection
EndGlobal
